
Microsoft Visual Studio Solution File, Format Version 12.00
# Visual Studio Version 16
VisualStudioVersion = 16.0.30907.101
MinimumVisualStudioVersion = 10.0.40219.1
Project("{9A19103F-16F7-4668-BE54-9A1E7A4F7556}") = "KampIntro", "KampIntro\KampIntro.csproj", "{60C42C49-3FF3-4054-9283-8F4F667FE329}"
EndProject
Project("{9A19103F-16F7-4668-BE54-9A1E7A4F7556}") = "Donguler", "Donguler\Donguler.csproj", "{20602429-B965-434A-8A97-0D3AFBF3ABFD}"
EndProject
Project("{9A19103F-16F7-4668-BE54-9A1E7A4F7556}") = "ClassIntro", "ClassIntro\ClassIntro.csproj", "{07D016E1-C76D-46CA-AC3F-6B56B6F91CD7}"
EndProject
Project("{9A19103F-16F7-4668-BE54-9A1E7A4F7556}") = "Metotlar", "Metotlar\Metotlar.csproj", "{B2E881DF-7B61-4398-A4E7-E813D6CB29CB}"
EndProject
Project("{9A19103F-16F7-4668-BE54-9A1E7A4F7556}") = "Matematik", "Matematik\Matematik.csproj", "{DA12AA69-5395-4BD0-9CDE-0B15457CF9A4}"
EndProject
Project("{9A19103F-16F7-4668-BE54-9A1E7A4F7556}") = "DegerVeReferansTipler", "DegerVeReferansTipler\DegerVeReferansTipler.csproj", "{4F1071D3-ED6B-44FA-B143-0C7FD6640113}"
EndProject
Project("{9A19103F-16F7-4668-BE54-9A1E7A4F7556}") = "OOP1", "OOP1\OOP1.csproj", "{89A68623-74DB-4FF4-A957-6C75EE94F5E0}"
EndProject
Project("{9A19103F-16F7-4668-BE54-9A1E7A4F7556}") = "Koleksiyonlar", "Koleksiyonlar\Koleksiyonlar.csproj", "{7E4040CE-1ED6-4E3A-85F4-2BFED95EE214}"
EndProject
Project("{FAE04EC0-301F-11D3-BF4B-00C04F79EFBC}") = "GenericsIntro", "GenericsIntro\GenericsIntro.csproj", "{E96FC799-4253-4015-B2B2-01430E705795}"
EndProject
Global
	GlobalSection(SolutionConfigurationPlatforms) = preSolution
		Debug|Any CPU = Debug|Any CPU
		Release|Any CPU = Release|Any CPU
	EndGlobalSection
	GlobalSection(ProjectConfigurationPlatforms) = postSolution
		{60C42C49-3FF3-4054-9283-8F4F667FE329}.Debug|Any CPU.ActiveCfg = Debug|Any CPU
		{60C42C49-3FF3-4054-9283-8F4F667FE329}.Debug|Any CPU.Build.0 = Debug|Any CPU
		{60C42C49-3FF3-4054-9283-8F4F667FE329}.Release|Any CPU.ActiveCfg = Release|Any CPU
		{60C42C49-3FF3-4054-9283-8F4F667FE329}.Release|Any CPU.Build.0 = Release|Any CPU
		{20602429-B965-434A-8A97-0D3AFBF3ABFD}.Debug|Any CPU.ActiveCfg = Debug|Any CPU
		{20602429-B965-434A-8A97-0D3AFBF3ABFD}.Debug|Any CPU.Build.0 = Debug|Any CPU
		{20602429-B965-434A-8A97-0D3AFBF3ABFD}.Release|Any CPU.ActiveCfg = Release|Any CPU
		{20602429-B965-434A-8A97-0D3AFBF3ABFD}.Release|Any CPU.Build.0 = Release|Any CPU
		{07D016E1-C76D-46CA-AC3F-6B56B6F91CD7}.Debug|Any CPU.ActiveCfg = Debug|Any CPU
		{07D016E1-C76D-46CA-AC3F-6B56B6F91CD7}.Debug|Any CPU.Build.0 = Debug|Any CPU
		{07D016E1-C76D-46CA-AC3F-6B56B6F91CD7}.Release|Any CPU.ActiveCfg = Release|Any CPU
		{07D016E1-C76D-46CA-AC3F-6B56B6F91CD7}.Release|Any CPU.Build.0 = Release|Any CPU
		{B2E881DF-7B61-4398-A4E7-E813D6CB29CB}.Debug|Any CPU.ActiveCfg = Debug|Any CPU
		{B2E881DF-7B61-4398-A4E7-E813D6CB29CB}.Debug|Any CPU.Build.0 = Debug|Any CPU
		{B2E881DF-7B61-4398-A4E7-E813D6CB29CB}.Release|Any CPU.ActiveCfg = Release|Any CPU
		{B2E881DF-7B61-4398-A4E7-E813D6CB29CB}.Release|Any CPU.Build.0 = Release|Any CPU
		{DA12AA69-5395-4BD0-9CDE-0B15457CF9A4}.Debug|Any CPU.ActiveCfg = Debug|Any CPU
		{DA12AA69-5395-4BD0-9CDE-0B15457CF9A4}.Debug|Any CPU.Build.0 = Debug|Any CPU
		{DA12AA69-5395-4BD0-9CDE-0B15457CF9A4}.Release|Any CPU.ActiveCfg = Release|Any CPU
		{DA12AA69-5395-4BD0-9CDE-0B15457CF9A4}.Release|Any CPU.Build.0 = Release|Any CPU
		{4F1071D3-ED6B-44FA-B143-0C7FD6640113}.Debug|Any CPU.ActiveCfg = Debug|Any CPU
		{4F1071D3-ED6B-44FA-B143-0C7FD6640113}.Debug|Any CPU.Build.0 = Debug|Any CPU
		{4F1071D3-ED6B-44FA-B143-0C7FD6640113}.Release|Any CPU.ActiveCfg = Release|Any CPU
		{4F1071D3-ED6B-44FA-B143-0C7FD6640113}.Release|Any CPU.Build.0 = Release|Any CPU
		{89A68623-74DB-4FF4-A957-6C75EE94F5E0}.Debug|Any CPU.ActiveCfg = Debug|Any CPU
		{89A68623-74DB-4FF4-A957-6C75EE94F5E0}.Debug|Any CPU.Build.0 = Debug|Any CPU
		{89A68623-74DB-4FF4-A957-6C75EE94F5E0}.Release|Any CPU.ActiveCfg = Release|Any CPU
		{89A68623-74DB-4FF4-A957-6C75EE94F5E0}.Release|Any CPU.Build.0 = Release|Any CPU
		{7E4040CE-1ED6-4E3A-85F4-2BFED95EE214}.Debug|Any CPU.ActiveCfg = Debug|Any CPU
		{7E4040CE-1ED6-4E3A-85F4-2BFED95EE214}.Debug|Any CPU.Build.0 = Debug|Any CPU
		{7E4040CE-1ED6-4E3A-85F4-2BFED95EE214}.Release|Any CPU.ActiveCfg = Release|Any CPU
		{7E4040CE-1ED6-4E3A-85F4-2BFED95EE214}.Release|Any CPU.Build.0 = Release|Any CPU
		{E96FC799-4253-4015-B2B2-01430E705795}.Debug|Any CPU.ActiveCfg = Debug|Any CPU
		{E96FC799-4253-4015-B2B2-01430E705795}.Debug|Any CPU.Build.0 = Debug|Any CPU
		{E96FC799-4253-4015-B2B2-01430E705795}.Release|Any CPU.ActiveCfg = Release|Any CPU
		{E96FC799-4253-4015-B2B2-01430E705795}.Release|Any CPU.Build.0 = Release|Any CPU
	EndGlobalSection
	GlobalSection(SolutionProperties) = preSolution
		HideSolutionNode = FALSE
	EndGlobalSection
	GlobalSection(ExtensibilityGlobals) = postSolution
		SolutionGuid = {9B34A20A-7C79-46D4-88AE-60E63CF04A8B}
	EndGlobalSection
EndGlobal
